
Microsoft Visual Studio Solution File, Format Version 12.00
# Visual Studio Version 16
VisualStudioVersion = 16.0.31129.286
MinimumVisualStudioVersion = 10.0.40219.1
Project("{FAE04EC0-301F-11D3-BF4B-00C04F79EFBC}") = "AspNetCore.JwtAuthentication.PasswordHasing.Plugin", "AspNetCore.JwtAuthentication.PasswordHasing.Plugin.csproj", "{AFF87BC2-17FF-4CDA-ABD5-14FFEBBFBC8C}"
EndProject
Global
	GlobalSection(SolutionConfigurationPlatforms) = preSolution
		Debug|Any CPU = Debug|Any CPU
		Release|Any CPU = Release|Any CPU
	EndGlobalSection
	GlobalSection(ProjectConfigurationPlatforms) = postSolution
		{AFF87BC2-17FF-4CDA-ABD5-14FFEBBFBC8C}.Debug|Any CPU.ActiveCfg = Debug|Any CPU
		{AFF87BC2-17FF-4CDA-ABD5-14FFEBBFBC8C}.Debug|Any CPU.Build.0 = Debug|Any CPU
		{AFF87BC2-17FF-4CDA-ABD5-14FFEBBFBC8C}.Release|Any CPU.ActiveCfg = Release|Any CPU
		{AFF87BC2-17FF-4CDA-ABD5-14FFEBBFBC8C}.Release|Any CPU.Build.0 = Release|Any CPU
	EndGlobalSection
	GlobalSection(SolutionProperties) = preSolution
		HideSolutionNode = FALSE
	EndGlobalSection
	GlobalSection(ExtensibilityGlobals) = postSolution
		SolutionGuid = {A61C693B-C771-484E-9166-9BACEA044C4C}
	EndGlobalSection
EndGlobal
